
Microsoft Visual Studio Solution File, Format Version 12.00
# Visual Studio Version 16
VisualStudioVersion = 16.0.33927.289
MinimumVisualStudioVersion = 10.0.40219.1
Project("{2150E333-8FDC-42A3-9474-1A3956D46DE8}") = "Task0", "Task0", "{D1347F7E-E8A6-4B4F-ADBA-8526C357CF78}"
EndProject
Project("{FAE04EC0-301F-11D3-BF4B-00C04F79EFBC}") = "Tyuiu.UleevRI.Sprint6.Task0.V26.Lib", "Tyuiu.UleevRI.Sprint6.Task0.V26.Lib\Tyuiu.UleevRI.Sprint6.Task0.V26.Lib.csproj", "{91A61F17-8248-4FB5-A15B-0B751B95888C}"
EndProject
Project("{FAE04EC0-301F-11D3-BF4B-00C04F79EFBC}") = "Tyuiu.UleevRI.Sprint6.Task0.V26.Test", "Tyuiu.UleevRI.Sprint6.Task0.V26.Test\Tyuiu.UleevRI.Sprint6.Task0.V26.Test.csproj", "{6095BEF8-D466-46F9-B157-D0F69C26739B}"
EndProject
Project("{FAE04EC0-301F-11D3-BF4B-00C04F79EFBC}") = "Tyuiu.UleevRI.Sprint6.Task0.V26", "Tyuiu.UleevRI.Sprint6.Task0.V26\Tyuiu.UleevRI.Sprint6.Task0.V26.csproj", "{98066BB2-EE3A-428C-9C56-2A0337D328A6}"
EndProject
Project("{2150E333-8FDC-42A3-9474-1A3956D46DE8}") = "Task1", "Task1", "{0EB30524-B937-4A67-A365-3150C2B57451}"
EndProject
Project("{FAE04EC0-301F-11D3-BF4B-00C04F79EFBC}") = "Tyuiu.UleevRI.Sprint6.Task1.V29", "Tyuiu.UleevRI.Sprint6.Task1.V29\Tyuiu.UleevRI.Sprint6.Task1.V29.csproj", "{9B2DB729-485F-48DA-968D-27024C8A9F2A}"
EndProject
Project("{FAE04EC0-301F-11D3-BF4B-00C04F79EFBC}") = "Tyuiu.UleevRI.Sprint6.Task1.V29.Lib", "Tyuiu.UleevRI.Sprint6.Task1.V29.Lib\Tyuiu.UleevRI.Sprint6.Task1.V29.Lib.csproj", "{2BC9B641-9B19-484F-986E-6763F568D1D8}"
EndProject
Project("{FAE04EC0-301F-11D3-BF4B-00C04F79EFBC}") = "Tyuiu.UleevRI.Sprint6.Task1.V29.Test", "Tyuiu.UleevRI.Sprint6.Task1.V29.Test\Tyuiu.UleevRI.Sprint6.Task1.V29.Test.csproj", "{C9C5CC64-C29C-4695-A5B9-734CD09EBF18}"
EndProject
Project("{2150E333-8FDC-42A3-9474-1A3956D46DE8}") = "Task2", "Task2", "{44F2CB1E-2F10-49BF-9AD3-5576DECF4A63}"
EndProject
Project("{FAE04EC0-301F-11D3-BF4B-00C04F79EFBC}") = "Tyuiu.UleevRI.Sprint6.Task2.V3", "Tyuiu.UleevRI.Sprint6.Task2.V3\Tyuiu.UleevRI.Sprint6.Task2.V3.csproj", "{6EB0F57B-668A-4814-9643-EF37020512A7}"
EndProject
Project("{FAE04EC0-301F-11D3-BF4B-00C04F79EFBC}") = "Tyuiu.UleevRI.Sprint6.Task2.V3.Lib", "Tyuiu.UleevRI.Sprint6.Task2.V3.Lib\Tyuiu.UleevRI.Sprint6.Task2.V3.Lib.csproj", "{682E3DC3-B2D0-4BDA-976E-E4AEC935A0E8}"
EndProject
Project("{FAE04EC0-301F-11D3-BF4B-00C04F79EFBC}") = "Tyuiu.UleevRI.Sprint6.Task2.V3.Test", "Tyuiu.UleevRI.Sprint6.Task2.V3.Test\Tyuiu.UleevRI.Sprint6.Task2.V3.Test.csproj", "{74F5DFA8-7246-43B3-8558-04F081D3B741}"
EndProject
Project("{2150E333-8FDC-42A3-9474-1A3956D46DE8}") = "Task3", "Task3", "{5C648AA7-0254-46BC-B333-CD0FD5F28AA9}"
EndProject
Project("{FAE04EC0-301F-11D3-BF4B-00C04F79EFBC}") = "Tyuiu.UleevRI.Sprint6.Task3.V18", "Tyuiu.UleevRI.Sprint6.Task3.V18\Tyuiu.UleevRI.Sprint6.Task3.V18.csproj", "{7338B215-FDE9-456E-B613-D2B74B60A7A3}"
EndProject
Project("{FAE04EC0-301F-11D3-BF4B-00C04F79EFBC}") = "Tyuiu.UleevRI.Sprint6.Task3.V18.Lib", "Tyuiu.UleevRI.Sprint6.Task3.V18.Lib\Tyuiu.UleevRI.Sprint6.Task3.V18.Lib.csproj", "{3D5E4A91-9998-43CC-A8C4-FCDCD14F715A}"
EndProject
Project("{FAE04EC0-301F-11D3-BF4B-00C04F79EFBC}") = "Tyuiu.UleevRI.Sprint6.Task3.V18.Test", "Tyuiu.UleevRI.Sprint6.Task3.V18.Test\Tyuiu.UleevRI.Sprint6.Task3.V18.Test.csproj", "{794EC6C0-04F4-46B6-9EAE-0F9B17F4BF0E}"
EndProject
Project("{2150E333-8FDC-42A3-9474-1A3956D46DE8}") = "Task4", "Task4", "{15268359-0BDA-4F96-9B95-A86FDBB10C72}"
EndProject
Project("{FAE04EC0-301F-11D3-BF4B-00C04F79EFBC}") = "Tyuiu.UleevRI.Sprint6.Task4.V13", "Tyuiu.UleevRI.Sprint6.Task4.V13\Tyuiu.UleevRI.Sprint6.Task4.V13.csproj", "{627FCC29-6207-4008-B01C-3AB8E9A57334}"
EndProject
Project("{FAE04EC0-301F-11D3-BF4B-00C04F79EFBC}") = "Tyuiu.UleevRI.Sprint6.Task4.V13.Lib", "Tyuiu.UleevRI.Sprint6.Task4.V13.Lib\Tyuiu.UleevRI.Sprint6.Task4.V13.Lib.csproj", "{7E73D1AC-A860-46BB-8EB5-6D574469FD92}"
EndProject
Project("{FAE04EC0-301F-11D3-BF4B-00C04F79EFBC}") = "Tyuiu.UleevRI.Sprint6.Task4.V13.Test", "Tyuiu.UleevRI.Sprint6.Task4.V13.Test\Tyuiu.UleevRI.Sprint6.Task4.V13.Test.csproj", "{DD3665DC-B66F-4656-93A9-18997A7ABA95}"
EndProject
Project("{2150E333-8FDC-42A3-9474-1A3956D46DE8}") = "Task5", "Task5", "{56B66B09-7A4D-47FD-A990-EC0A10FC6DF8}"
EndProject
Project("{FAE04EC0-301F-11D3-BF4B-00C04F79EFBC}") = "Tyuiu.UleevRI.Sprint6.Task5.V9", "Tyuiu.UleevRI.Sprint6.Task5.V9\Tyuiu.UleevRI.Sprint6.Task5.V9.csproj", "{2A0A6849-1908-412B-97E4-AA72B2E74E4F}"
EndProject
Project("{FAE04EC0-301F-11D3-BF4B-00C04F79EFBC}") = "Tyuiu.UleevRI.Sprint6.Task5.V9.Lib", "Tyuiu.UleevRI.Sprint6.Task5.V9.Lib\Tyuiu.UleevRI.Sprint6.Task5.V9.Lib.csproj", "{8058F434-9101-4045-9588-B0ECD0B01A6D}"
EndProject
Project("{FAE04EC0-301F-11D3-BF4B-00C04F79EFBC}") = "Tyuiu.UleevRI.Sprint6.Task5.V9.Test", "Tyuiu.UleevRI.Sprint6.Task5.V9.Test\Tyuiu.UleevRI.Sprint6.Task5.V9.Test.csproj", "{5897EA38-8A43-4911-AECE-027078FD1928}"
EndProject
Project("{2150E333-8FDC-42A3-9474-1A3956D46DE8}") = "Task6", "Task6", "{3BD9D308-BE08-4663-B2C1-0778A014C1D8}"
EndProject
Project("{FAE04EC0-301F-11D3-BF4B-00C04F79EFBC}") = "Tyuiu.UleevRI.Sprint6.Task6.V5", "Tyuiu.UleevRI.Sprint6.Task6.V5\Tyuiu.UleevRI.Sprint6.Task6.V5.csproj", "{F918C7D6-F454-419E-BB25-14605B923354}"
EndProject
Project("{FAE04EC0-301F-11D3-BF4B-00C04F79EFBC}") = "Tyuiu.UleevRI.Sprint6.Task6.V5.Lib", "Tyuiu.UleevRI.Sprint6.Task6.V5.Lib\Tyuiu.UleevRI.Sprint6.Task6.V5.Lib.csproj", "{3E4F44EF-4139-408E-8FA7-0345E217F746}"
EndProject
Project("{FAE04EC0-301F-11D3-BF4B-00C04F79EFBC}") = "Tyuiu.UleevRI.Sprint6.Task6.V5.Test", "Tyuiu.UleevRI.Sprint6.Task6.V5.Test\Tyuiu.UleevRI.Sprint6.Task6.V5.Test.csproj", "{CD3EB5D0-17DF-49CE-8D48-E7F91E89D39D}"
EndProject
Project("{2150E333-8FDC-42A3-9474-1A3956D46DE8}") = "Task7", "Task7", "{1BBBC394-4A3E-4450-B8B4-1C9C4E329908}"
EndProject
Project("{FAE04EC0-301F-11D3-BF4B-00C04F79EFBC}") = "Tyuiu.UleevRI.Sprint6.Task7.V18", "Tyuiu.UleevRI.Sprint6.Task7.V18\Tyuiu.UleevRI.Sprint6.Task7.V18.csproj", "{DAD96B6E-E2C8-4C47-9902-55048B555DA3}"
EndProject
Project("{FAE04EC0-301F-11D3-BF4B-00C04F79EFBC}") = "Tyuiu.UleevRI.Sprint6.Task7.V18.Lib", "Tyuiu.UleevRI.Sprint6.Task7.V18.Lib\Tyuiu.UleevRI.Sprint6.Task7.V18.Lib.csproj", "{94267121-BC35-48F2-A606-738CF8FF4CAF}"
EndProject
Project("{FAE04EC0-301F-11D3-BF4B-00C04F79EFBC}") = "Tyuiu.UleevRI.Sprint6.Task7.V18.Test", "Tyuiu.UleevRI.Sprint6.Task7.V18.Test\Tyuiu.UleevRI.Sprint6.Task7.V18.Test.csproj", "{483C1BF2-A8E4-4A78-9443-C176C0DDEFE0}"
EndProject
Global
	GlobalSection(SolutionConfigurationPlatforms) = preSolution
		Debug|Any CPU = Debug|Any CPU
		Release|Any CPU = Release|Any CPU
	EndGlobalSection
	GlobalSection(ProjectConfigurationPlatforms) = postSolution
		{91A61F17-8248-4FB5-A15B-0B751B95888C}.Debug|Any CPU.ActiveCfg = Debug|Any CPU
		{91A61F17-8248-4FB5-A15B-0B751B95888C}.Debug|Any CPU.Build.0 = Debug|Any CPU
		{91A61F17-8248-4FB5-A15B-0B751B95888C}.Release|Any CPU.ActiveCfg = Release|Any CPU
		{91A61F17-8248-4FB5-A15B-0B751B95888C}.Release|Any CPU.Build.0 = Release|Any CPU
		{6095BEF8-D466-46F9-B157-D0F69C26739B}.Debug|Any CPU.ActiveCfg = Debug|Any CPU
		{6095BEF8-D466-46F9-B157-D0F69C26739B}.Debug|Any CPU.Build.0 = Debug|Any CPU
		{6095BEF8-D466-46F9-B157-D0F69C26739B}.Release|Any CPU.ActiveCfg = Release|Any CPU
		{6095BEF8-D466-46F9-B157-D0F69C26739B}.Release|Any CPU.Build.0 = Release|Any CPU
		{98066BB2-EE3A-428C-9C56-2A0337D328A6}.Debug|Any CPU.ActiveCfg = Debug|Any CPU
		{98066BB2-EE3A-428C-9C56-2A0337D328A6}.Debug|Any CPU.Build.0 = Debug|Any CPU
		{98066BB2-EE3A-428C-9C56-2A0337D328A6}.Release|Any CPU.ActiveCfg = Release|Any CPU
		{98066BB2-EE3A-428C-9C56-2A0337D328A6}.Release|Any CPU.Build.0 = Release|Any CPU
		{9B2DB729-485F-48DA-968D-27024C8A9F2A}.Debug|Any CPU.ActiveCfg = Debug|Any CPU
		{9B2DB729-485F-48DA-968D-27024C8A9F2A}.Debug|Any CPU.Build.0 = Debug|Any CPU
		{9B2DB729-485F-48DA-968D-27024C8A9F2A}.Release|Any CPU.ActiveCfg = Release|Any CPU
		{9B2DB729-485F-48DA-968D-27024C8A9F2A}.Release|Any CPU.Build.0 = Release|Any CPU
		{2BC9B641-9B19-484F-986E-6763F568D1D8}.Debug|Any CPU.ActiveCfg = Debug|Any CPU
		{2BC9B641-9B19-484F-986E-6763F568D1D8}.Debug|Any CPU.Build.0 = Debug|Any CPU
		{2BC9B641-9B19-484F-986E-6763F568D1D8}.Release|Any CPU.ActiveCfg = Release|Any CPU
		{2BC9B641-9B19-484F-986E-6763F568D1D8}.Release|Any CPU.Build.0 = Release|Any CPU
		{C9C5CC64-C29C-4695-A5B9-734CD09EBF18}.Debug|Any CPU.ActiveCfg = Debug|Any CPU
		{C9C5CC64-C29C-4695-A5B9-734CD09EBF18}.Debug|Any CPU.Build.0 = Debug|Any CPU
		{C9C5CC64-C29C-4695-A5B9-734CD09EBF18}.Release|Any CPU.ActiveCfg = Release|Any CPU
		{C9C5CC64-C29C-4695-A5B9-734CD09EBF18}.Release|Any CPU.Build.0 = Release|Any CPU
		{6EB0F57B-668A-4814-9643-EF37020512A7}.Debug|Any CPU.ActiveCfg = Debug|Any CPU
		{6EB0F57B-668A-4814-9643-EF37020512A7}.Debug|Any CPU.Build.0 = Debug|Any CPU
		{6EB0F57B-668A-4814-9643-EF37020512A7}.Release|Any CPU.ActiveCfg = Release|Any CPU
		{6EB0F57B-668A-4814-9643-EF37020512A7}.Release|Any CPU.Build.0 = Release|Any CPU
		{682E3DC3-B2D0-4BDA-976E-E4AEC935A0E8}.Debug|Any CPU.ActiveCfg = Debug|Any CPU
		{682E3DC3-B2D0-4BDA-976E-E4AEC935A0E8}.Debug|Any CPU.Build.0 = Debug|Any CPU
		{682E3DC3-B2D0-4BDA-976E-E4AEC935A0E8}.Release|Any CPU.ActiveCfg = Release|Any CPU
		{682E3DC3-B2D0-4BDA-976E-E4AEC935A0E8}.Release|Any CPU.Build.0 = Release|Any CPU
		{74F5DFA8-7246-43B3-8558-04F081D3B741}.Debug|Any CPU.ActiveCfg = Debug|Any CPU
		{74F5DFA8-7246-43B3-8558-04F081D3B741}.Debug|Any CPU.Build.0 = Debug|Any CPU
		{74F5DFA8-7246-43B3-8558-04F081D3B741}.Release|Any CPU.ActiveCfg = Release|Any CPU
		{74F5DFA8-7246-43B3-8558-04F081D3B741}.Release|Any CPU.Build.0 = Release|Any CPU
		{7338B215-FDE9-456E-B613-D2B74B60A7A3}.Debug|Any CPU.ActiveCfg = Debug|Any CPU
		{7338B215-FDE9-456E-B613-D2B74B60A7A3}.Debug|Any CPU.Build.0 = Debug|Any CPU
		{7338B215-FDE9-456E-B613-D2B74B60A7A3}.Release|Any CPU.ActiveCfg = Release|Any CPU
		{7338B215-FDE9-456E-B613-D2B74B60A7A3}.Release|Any CPU.Build.0 = Release|Any CPU
		{3D5E4A91-9998-43CC-A8C4-FCDCD14F715A}.Debug|Any CPU.ActiveCfg = Debug|Any CPU
		{3D5E4A91-9998-43CC-A8C4-FCDCD14F715A}.Debug|Any CPU.Build.0 = Debug|Any CPU
		{3D5E4A91-9998-43CC-A8C4-FCDCD14F715A}.Release|Any CPU.ActiveCfg = Release|Any CPU
		{3D5E4A91-9998-43CC-A8C4-FCDCD14F715A}.Release|Any CPU.Build.0 = Release|Any CPU
		{794EC6C0-04F4-46B6-9EAE-0F9B17F4BF0E}.Debug|Any CPU.ActiveCfg = Debug|Any CPU
		{794EC6C0-04F4-46B6-9EAE-0F9B17F4BF0E}.Debug|Any CPU.Build.0 = Debug|Any CPU
		{794EC6C0-04F4-46B6-9EAE-0F9B17F4BF0E}.Release|Any CPU.ActiveCfg = Release|Any CPU
		{794EC6C0-04F4-46B6-9EAE-0F9B17F4BF0E}.Release|Any CPU.Build.0 = Release|Any CPU
		{627FCC29-6207-4008-B01C-3AB8E9A57334}.Debug|Any CPU.ActiveCfg = Debug|Any CPU
		{627FCC29-6207-4008-B01C-3AB8E9A57334}.Debug|Any CPU.Build.0 = Debug|Any CPU
		{627FCC29-6207-4008-B01C-3AB8E9A57334}.Release|Any CPU.ActiveCfg = Release|Any CPU
		{627FCC29-6207-4008-B01C-3AB8E9A57334}.Release|Any CPU.Build.0 = Release|Any CPU
		{7E73D1AC-A860-46BB-8EB5-6D574469FD92}.Debug|Any CPU.ActiveCfg = Debug|Any CPU
		{7E73D1AC-A860-46BB-8EB5-6D574469FD92}.Debug|Any CPU.Build.0 = Debug|Any CPU
		{7E73D1AC-A860-46BB-8EB5-6D574469FD92}.Release|Any CPU.ActiveCfg = Release|Any CPU
		{7E73D1AC-A860-46BB-8EB5-6D574469FD92}.Release|Any CPU.Build.0 = Release|Any CPU
		{DD3665DC-B66F-4656-93A9-18997A7ABA95}.Debug|Any CPU.ActiveCfg = Debug|Any CPU
		{DD3665DC-B66F-4656-93A9-18997A7ABA95}.Debug|Any CPU.Build.0 = Debug|Any CPU
		{DD3665DC-B66F-4656-93A9-18997A7ABA95}.Release|Any CPU.ActiveCfg = Release|Any CPU
		{DD3665DC-B66F-4656-93A9-18997A7ABA95}.Release|Any CPU.Build.0 = Release|Any CPU
		{2A0A6849-1908-412B-97E4-AA72B2E74E4F}.Debug|Any CPU.ActiveCfg = Debug|Any CPU
		{2A0A6849-1908-412B-97E4-AA72B2E74E4F}.Debug|Any CPU.Build.0 = Debug|Any CPU
		{2A0A6849-1908-412B-97E4-AA72B2E74E4F}.Release|Any CPU.ActiveCfg = Release|Any CPU
		{2A0A6849-1908-412B-97E4-AA72B2E74E4F}.Release|Any CPU.Build.0 = Release|Any CPU
		{8058F434-9101-4045-9588-B0ECD0B01A6D}.Debug|Any CPU.ActiveCfg = Debug|Any CPU
		{8058F434-9101-4045-9588-B0ECD0B01A6D}.Debug|Any CPU.Build.0 = Debug|Any CPU
		{8058F434-9101-4045-9588-B0ECD0B01A6D}.Release|Any CPU.ActiveCfg = Release|Any CPU
		{8058F434-9101-4045-9588-B0ECD0B01A6D}.Release|Any CPU.Build.0 = Release|Any CPU
		{5897EA38-8A43-4911-AECE-027078FD1928}.Debug|Any CPU.ActiveCfg = Debug|Any CPU
		{5897EA38-8A43-4911-AECE-027078FD1928}.Debug|Any CPU.Build.0 = Debug|Any CPU
		{5897EA38-8A43-4911-AECE-027078FD1928}.Release|Any CPU.ActiveCfg = Release|Any CPU
		{5897EA38-8A43-4911-AECE-027078FD1928}.Release|Any CPU.Build.0 = Release|Any CPU
		{F918C7D6-F454-419E-BB25-14605B923354}.Debug|Any CPU.ActiveCfg = Debug|Any CPU
		{F918C7D6-F454-419E-BB25-14605B923354}.Debug|Any CPU.Build.0 = Debug|Any CPU
		{F918C7D6-F454-419E-BB25-14605B923354}.Release|Any CPU.ActiveCfg = Release|Any CPU
		{F918C7D6-F454-419E-BB25-14605B923354}.Release|Any CPU.Build.0 = Release|Any CPU
		{3E4F44EF-4139-408E-8FA7-0345E217F746}.Debug|Any CPU.ActiveCfg = Debug|Any CPU
		{3E4F44EF-4139-408E-8FA7-0345E217F746}.Debug|Any CPU.Build.0 = Debug|Any CPU
		{3E4F44EF-4139-408E-8FA7-0345E217F746}.Release|Any CPU.ActiveCfg = Release|Any CPU
		{3E4F44EF-4139-408E-8FA7-0345E217F746}.Release|Any CPU.Build.0 = Release|Any CPU
		{CD3EB5D0-17DF-49CE-8D48-E7F91E89D39D}.Debug|Any CPU.ActiveCfg = Debug|Any CPU
		{CD3EB5D0-17DF-49CE-8D48-E7F91E89D39D}.Debug|Any CPU.Build.0 = Debug|Any CPU
		{CD3EB5D0-17DF-49CE-8D48-E7F91E89D39D}.Release|Any CPU.ActiveCfg = Release|Any CPU
		{CD3EB5D0-17DF-49CE-8D48-E7F91E89D39D}.Release|Any CPU.Build.0 = Release|Any CPU
		{DAD96B6E-E2C8-4C47-9902-55048B555DA3}.Debug|Any CPU.ActiveCfg = Debug|Any CPU
		{DAD96B6E-E2C8-4C47-9902-55048B555DA3}.Debug|Any CPU.Build.0 = Debug|Any CPU
		{DAD96B6E-E2C8-4C47-9902-55048B555DA3}.Release|Any CPU.ActiveCfg = Release|Any CPU
		{DAD96B6E-E2C8-4C47-9902-55048B555DA3}.Release|Any CPU.Build.0 = Release|Any CPU
		{94267121-BC35-48F2-A606-738CF8FF4CAF}.Debug|Any CPU.ActiveCfg = Debug|Any CPU
		{94267121-BC35-48F2-A606-738CF8FF4CAF}.Debug|Any CPU.Build.0 = Debug|Any CPU
		{94267121-BC35-48F2-A606-738CF8FF4CAF}.Release|Any CPU.ActiveCfg = Release|Any CPU
		{94267121-BC35-48F2-A606-738CF8FF4CAF}.Release|Any CPU.Build.0 = Release|Any CPU
		{483C1BF2-A8E4-4A78-9443-C176C0DDEFE0}.Debug|Any CPU.ActiveCfg = Debug|Any CPU
		{483C1BF2-A8E4-4A78-9443-C176C0DDEFE0}.Debug|Any CPU.Build.0 = Debug|Any CPU
		{483C1BF2-A8E4-4A78-9443-C176C0DDEFE0}.Release|Any CPU.ActiveCfg = Release|Any CPU
		{483C1BF2-A8E4-4A78-9443-C176C0DDEFE0}.Release|Any CPU.Build.0 = Release|Any CPU
	EndGlobalSection
	GlobalSection(SolutionProperties) = preSolution
		HideSolutionNode = FALSE
	EndGlobalSection
	GlobalSection(NestedProjects) = preSolution
		{91A61F17-8248-4FB5-A15B-0B751B95888C} = {D1347F7E-E8A6-4B4F-ADBA-8526C357CF78}
		{6095BEF8-D466-46F9-B157-D0F69C26739B} = {D1347F7E-E8A6-4B4F-ADBA-8526C357CF78}
		{98066BB2-EE3A-428C-9C56-2A0337D328A6} = {D1347F7E-E8A6-4B4F-ADBA-8526C357CF78}
		{9B2DB729-485F-48DA-968D-27024C8A9F2A} = {0EB30524-B937-4A67-A365-3150C2B57451}
		{2BC9B641-9B19-484F-986E-6763F568D1D8} = {0EB30524-B937-4A67-A365-3150C2B57451}
		{C9C5CC64-C29C-4695-A5B9-734CD09EBF18} = {0EB30524-B937-4A67-A365-3150C2B57451}
		{6EB0F57B-668A-4814-9643-EF37020512A7} = {44F2CB1E-2F10-49BF-9AD3-5576DECF4A63}
		{682E3DC3-B2D0-4BDA-976E-E4AEC935A0E8} = {44F2CB1E-2F10-49BF-9AD3-5576DECF4A63}
		{74F5DFA8-7246-43B3-8558-04F081D3B741} = {44F2CB1E-2F10-49BF-9AD3-5576DECF4A63}
		{7338B215-FDE9-456E-B613-D2B74B60A7A3} = {5C648AA7-0254-46BC-B333-CD0FD5F28AA9}
		{3D5E4A91-9998-43CC-A8C4-FCDCD14F715A} = {5C648AA7-0254-46BC-B333-CD0FD5F28AA9}
		{794EC6C0-04F4-46B6-9EAE-0F9B17F4BF0E} = {5C648AA7-0254-46BC-B333-CD0FD5F28AA9}
		{627FCC29-6207-4008-B01C-3AB8E9A57334} = {15268359-0BDA-4F96-9B95-A86FDBB10C72}
		{7E73D1AC-A860-46BB-8EB5-6D574469FD92} = {15268359-0BDA-4F96-9B95-A86FDBB10C72}
		{DD3665DC-B66F-4656-93A9-18997A7ABA95} = {15268359-0BDA-4F96-9B95-A86FDBB10C72}
		{2A0A6849-1908-412B-97E4-AA72B2E74E4F} = {56B66B09-7A4D-47FD-A990-EC0A10FC6DF8}
		{8058F434-9101-4045-9588-B0ECD0B01A6D} = {56B66B09-7A4D-47FD-A990-EC0A10FC6DF8}
		{5897EA38-8A43-4911-AECE-027078FD1928} = {56B66B09-7A4D-47FD-A990-EC0A10FC6DF8}
		{F918C7D6-F454-419E-BB25-14605B923354} = {3BD9D308-BE08-4663-B2C1-0778A014C1D8}
		{3E4F44EF-4139-408E-8FA7-0345E217F746} = {3BD9D308-BE08-4663-B2C1-0778A014C1D8}
		{CD3EB5D0-17DF-49CE-8D48-E7F91E89D39D} = {3BD9D308-BE08-4663-B2C1-0778A014C1D8}
		{DAD96B6E-E2C8-4C47-9902-55048B555DA3} = {1BBBC394-4A3E-4450-B8B4-1C9C4E329908}
		{94267121-BC35-48F2-A606-738CF8FF4CAF} = {1BBBC394-4A3E-4450-B8B4-1C9C4E329908}
		{483C1BF2-A8E4-4A78-9443-C176C0DDEFE0} = {1BBBC394-4A3E-4450-B8B4-1C9C4E329908}
	EndGlobalSection
	GlobalSection(ExtensibilityGlobals) = postSolution
		SolutionGuid = {E4797265-C446-4FCB-8BF9-2B03F5EB68DE}
	EndGlobalSection
EndGlobal
